
Microsoft Visual Studio Solution File, Format Version 12.00
# Visual Studio 15
VisualStudioVersion = 15.0.28010.2003
MinimumVisualStudioVersion = 10.0.40219.1
Project("{FAE04EC0-301F-11D3-BF4B-00C04F79EFBC}") = "Shop.Common", "Shop.Common\Shop.Common.csproj", "{206C563C-3CD6-4235-AC18-6E13381ABEAE}"
EndProject
Project("{2150E333-8FDC-42A3-9474-1A3956D46DE8}") = "Backend", "Backend", "{AB234B5B-C88C-4CEC-8CE8-67E6984AACBE}"
EndProject
Project("{2150E333-8FDC-42A3-9474-1A3956D46DE8}") = "Frontend", "Frontend", "{C3F63FD0-29D9-4432-8F3A-8BC22085AB1B}"
EndProject
Project("{FAE04EC0-301F-11D3-BF4B-00C04F79EFBC}") = "Shop.Web", "Shop.Web\Shop.Web.csproj", "{C9121980-8EBD-4E08-9DDB-6CE01E0F0A05}"
EndProject
Project("{2150E333-8FDC-42A3-9474-1A3956D46DE8}") = "Forms", "Forms", "{454ECDDA-6980-4EC9-AEEF-661B17B45575}"
EndProject
Project("{2150E333-8FDC-42A3-9474-1A3956D46DE8}") = "Classic", "Classic", "{2084AB63-B9EE-49EA-BA1E-10EBE016A03B}"
EndProject
Project("{FAE04EC0-301F-11D3-BF4B-00C04F79EFBC}") = "Shop.UIForms.Android", "Shop.UIForms\Shop.UIForms.Android\Shop.UIForms.Android.csproj", "{68558F9D-0B2E-4730-BEBE-5483E4AAF2A6}"
EndProject
Project("{FAE04EC0-301F-11D3-BF4B-00C04F79EFBC}") = "Shop.UIForms.iOS", "Shop.UIForms\Shop.UIForms.iOS\Shop.UIForms.iOS.csproj", "{C1DA75C7-4AFC-4626-B746-54F68B25F9E7}"
EndProject
Project("{FAE04EC0-301F-11D3-BF4B-00C04F79EFBC}") = "Shop.UIForms", "Shop.UIForms\Shop.UIForms\Shop.UIForms.csproj", "{58CD1FEE-FD86-4394-8139-FE870DC42BB1}"
EndProject
Project("{FAE04EC0-301F-11D3-BF4B-00C04F79EFBC}") = "Shop.UIClassic", "Shop.UIClassic\Shop.UIClassic.csproj", "{8E3FD98D-5839-4455-90E8-6AC886B172DC}"
EndProject
Project("{FAE04EC0-301F-11D3-BF4B-00C04F79EFBC}") = "Shop.UIClassic.Android", "Shop.UIClassic.Android\Shop.UIClassic.Android.csproj", "{D984B929-2730-48E1-A488-D2F599AB665A}"
EndProject
Project("{FAE04EC0-301F-11D3-BF4B-00C04F79EFBC}") = "Shop.UIClassic.iOS", "Shop.UIClassic.iOS\Shop.UIClassic.iOS.csproj", "{80A96B52-6758-4BDB-B0B4-CEA4CA155C60}"
EndProject
Global
	GlobalSection(SolutionConfigurationPlatforms) = preSolution
		Ad-Hoc|Any CPU = Ad-Hoc|Any CPU
		Ad-Hoc|iPhone = Ad-Hoc|iPhone
		Ad-Hoc|iPhoneSimulator = Ad-Hoc|iPhoneSimulator
		AppStore|Any CPU = AppStore|Any CPU
		AppStore|iPhone = AppStore|iPhone
		AppStore|iPhoneSimulator = AppStore|iPhoneSimulator
		Debug|Any CPU = Debug|Any CPU
		Debug|iPhone = Debug|iPhone
		Debug|iPhoneSimulator = Debug|iPhoneSimulator
		Release|Any CPU = Release|Any CPU
		Release|iPhone = Release|iPhone
		Release|iPhoneSimulator = Release|iPhoneSimulator
	EndGlobalSection
	GlobalSection(ProjectConfigurationPlatforms) = postSolution
		{206C563C-3CD6-4235-AC18-6E13381ABEAE}.Ad-Hoc|Any CPU.ActiveCfg = Debug|Any CPU
		{206C563C-3CD6-4235-AC18-6E13381ABEAE}.Ad-Hoc|Any CPU.Build.0 = Debug|Any CPU
		{206C563C-3CD6-4235-AC18-6E13381ABEAE}.Ad-Hoc|iPhone.ActiveCfg = Debug|Any CPU
		{206C563C-3CD6-4235-AC18-6E13381ABEAE}.Ad-Hoc|iPhone.Build.0 = Debug|Any CPU
		{206C563C-3CD6-4235-AC18-6E13381ABEAE}.Ad-Hoc|iPhoneSimulator.ActiveCfg = Debug|Any CPU
		{206C563C-3CD6-4235-AC18-6E13381ABEAE}.Ad-Hoc|iPhoneSimulator.Build.0 = Debug|Any CPU
		{206C563C-3CD6-4235-AC18-6E13381ABEAE}.AppStore|Any CPU.ActiveCfg = Debug|Any CPU
		{206C563C-3CD6-4235-AC18-6E13381ABEAE}.AppStore|Any CPU.Build.0 = Debug|Any CPU
		{206C563C-3CD6-4235-AC18-6E13381ABEAE}.AppStore|iPhone.ActiveCfg = Debug|Any CPU
		{206C563C-3CD6-4235-AC18-6E13381ABEAE}.AppStore|iPhone.Build.0 = Debug|Any CPU
		{206C563C-3CD6-4235-AC18-6E13381ABEAE}.AppStore|iPhoneSimulator.ActiveCfg = Debug|Any CPU
		{206C563C-3CD6-4235-AC18-6E13381ABEAE}.AppStore|iPhoneSimulator.Build.0 = Debug|Any CPU
		{206C563C-3CD6-4235-AC18-6E13381ABEAE}.Debug|Any CPU.ActiveCfg = Debug|Any CPU
		{206C563C-3CD6-4235-AC18-6E13381ABEAE}.Debug|Any CPU.Build.0 = Debug|Any CPU
		{206C563C-3CD6-4235-AC18-6E13381ABEAE}.Debug|iPhone.ActiveCfg = Debug|Any CPU
		{206C563C-3CD6-4235-AC18-6E13381ABEAE}.Debug|iPhone.Build.0 = Debug|Any CPU
		{206C563C-3CD6-4235-AC18-6E13381ABEAE}.Debug|iPhoneSimulator.ActiveCfg = Debug|Any CPU
		{206C563C-3CD6-4235-AC18-6E13381ABEAE}.Debug|iPhoneSimulator.Build.0 = Debug|Any CPU
		{206C563C-3CD6-4235-AC18-6E13381ABEAE}.Release|Any CPU.ActiveCfg = Release|Any CPU
		{206C563C-3CD6-4235-AC18-6E13381ABEAE}.Release|Any CPU.Build.0 = Release|Any CPU
		{206C563C-3CD6-4235-AC18-6E13381ABEAE}.Release|iPhone.ActiveCfg = Release|Any CPU
		{206C563C-3CD6-4235-AC18-6E13381ABEAE}.Release|iPhone.Build.0 = Release|Any CPU
		{206C563C-3CD6-4235-AC18-6E13381ABEAE}.Release|iPhoneSimulator.ActiveCfg = Release|Any CPU
		{206C563C-3CD6-4235-AC18-6E13381ABEAE}.Release|iPhoneSimulator.Build.0 = Release|Any CPU
		{C9121980-8EBD-4E08-9DDB-6CE01E0F0A05}.Ad-Hoc|Any CPU.ActiveCfg = Debug|Any CPU
		{C9121980-8EBD-4E08-9DDB-6CE01E0F0A05}.Ad-Hoc|Any CPU.Build.0 = Debug|Any CPU
		{C9121980-8EBD-4E08-9DDB-6CE01E0F0A05}.Ad-Hoc|iPhone.ActiveCfg = Debug|Any CPU
		{C9121980-8EBD-4E08-9DDB-6CE01E0F0A05}.Ad-Hoc|iPhone.Build.0 = Debug|Any CPU
		{C9121980-8EBD-4E08-9DDB-6CE01E0F0A05}.Ad-Hoc|iPhoneSimulator.ActiveCfg = Debug|Any CPU
		{C9121980-8EBD-4E08-9DDB-6CE01E0F0A05}.Ad-Hoc|iPhoneSimulator.Build.0 = Debug|Any CPU
		{C9121980-8EBD-4E08-9DDB-6CE01E0F0A05}.AppStore|Any CPU.ActiveCfg = Debug|Any CPU
		{C9121980-8EBD-4E08-9DDB-6CE01E0F0A05}.AppStore|Any CPU.Build.0 = Debug|Any CPU
		{C9121980-8EBD-4E08-9DDB-6CE01E0F0A05}.AppStore|iPhone.ActiveCfg = Debug|Any CPU
		{C9121980-8EBD-4E08-9DDB-6CE01E0F0A05}.AppStore|iPhone.Build.0 = Debug|Any CPU
		{C9121980-8EBD-4E08-9DDB-6CE01E0F0A05}.AppStore|iPhoneSimulator.ActiveCfg = Debug|Any CPU
		{C9121980-8EBD-4E08-9DDB-6CE01E0F0A05}.AppStore|iPhoneSimulator.Build.0 = Debug|Any CPU
		{C9121980-8EBD-4E08-9DDB-6CE01E0F0A05}.Debug|Any CPU.ActiveCfg = Debug|Any CPU
		{C9121980-8EBD-4E08-9DDB-6CE01E0F0A05}.Debug|Any CPU.Build.0 = Debug|Any CPU
		{C9121980-8EBD-4E08-9DDB-6CE01E0F0A05}.Debug|iPhone.ActiveCfg = Debug|Any CPU
		{C9121980-8EBD-4E08-9DDB-6CE01E0F0A05}.Debug|iPhone.Build.0 = Debug|Any CPU
		{C9121980-8EBD-4E08-9DDB-6CE01E0F0A05}.Debug|iPhoneSimulator.ActiveCfg = Debug|Any CPU
		{C9121980-8EBD-4E08-9DDB-6CE01E0F0A05}.Debug|iPhoneSimulator.Build.0 = Debug|Any CPU
		{C9121980-8EBD-4E08-9DDB-6CE01E0F0A05}.Release|Any CPU.ActiveCfg = Release|Any CPU
		{C9121980-8EBD-4E08-9DDB-6CE01E0F0A05}.Release|Any CPU.Build.0 = Release|Any CPU
		{C9121980-8EBD-4E08-9DDB-6CE01E0F0A05}.Release|iPhone.ActiveCfg = Release|Any CPU
		{C9121980-8EBD-4E08-9DDB-6CE01E0F0A05}.Release|iPhone.Build.0 = Release|Any CPU
		{C9121980-8EBD-4E08-9DDB-6CE01E0F0A05}.Release|iPhoneSimulator.ActiveCfg = Release|Any CPU
		{C9121980-8EBD-4E08-9DDB-6CE01E0F0A05}.Release|iPhoneSimulator.Build.0 = Release|Any CPU
		{68558F9D-0B2E-4730-BEBE-5483E4AAF2A6}.Ad-Hoc|Any CPU.ActiveCfg = Release|Any CPU
		{68558F9D-0B2E-4730-BEBE-5483E4AAF2A6}.Ad-Hoc|Any CPU.Build.0 = Release|Any CPU
		{68558F9D-0B2E-4730-BEBE-5483E4AAF2A6}.Ad-Hoc|Any CPU.Deploy.0 = Release|Any CPU
		{68558F9D-0B2E-4730-BEBE-5483E4AAF2A6}.Ad-Hoc|iPhone.ActiveCfg = Release|Any CPU
		{68558F9D-0B2E-4730-BEBE-5483E4AAF2A6}.Ad-Hoc|iPhone.Build.0 = Release|Any CPU
		{68558F9D-0B2E-4730-BEBE-5483E4AAF2A6}.Ad-Hoc|iPhone.Deploy.0 = Release|Any CPU
		{68558F9D-0B2E-4730-BEBE-5483E4AAF2A6}.Ad-Hoc|iPhoneSimulator.ActiveCfg = Release|Any CPU
		{68558F9D-0B2E-4730-BEBE-5483E4AAF2A6}.Ad-Hoc|iPhoneSimulator.Build.0 = Release|Any CPU
		{68558F9D-0B2E-4730-BEBE-5483E4AAF2A6}.Ad-Hoc|iPhoneSimulator.Deploy.0 = Release|Any CPU
		{68558F9D-0B2E-4730-BEBE-5483E4AAF2A6}.AppStore|Any CPU.ActiveCfg = Release|Any CPU
		{68558F9D-0B2E-4730-BEBE-5483E4AAF2A6}.AppStore|Any CPU.Build.0 = Release|Any CPU
		{68558F9D-0B2E-4730-BEBE-5483E4AAF2A6}.AppStore|Any CPU.Deploy.0 = Release|Any CPU
		{68558F9D-0B2E-4730-BEBE-5483E4AAF2A6}.AppStore|iPhone.ActiveCfg = Release|Any CPU
		{68558F9D-0B2E-4730-BEBE-5483E4AAF2A6}.AppStore|iPhone.Build.0 = Release|Any CPU
		{68558F9D-0B2E-4730-BEBE-5483E4AAF2A6}.AppStore|iPhone.Deploy.0 = Release|Any CPU
		{68558F9D-0B2E-4730-BEBE-5483E4AAF2A6}.AppStore|iPhoneSimulator.ActiveCfg = Release|Any CPU
		{68558F9D-0B2E-4730-BEBE-5483E4AAF2A6}.AppStore|iPhoneSimulator.Build.0 = Release|Any CPU
		{68558F9D-0B2E-4730-BEBE-5483E4AAF2A6}.AppStore|iPhoneSimulator.Deploy.0 = Release|Any CPU
		{68558F9D-0B2E-4730-BEBE-5483E4AAF2A6}.Debug|Any CPU.ActiveCfg = Debug|Any CPU
		{68558F9D-0B2E-4730-BEBE-5483E4AAF2A6}.Debug|Any CPU.Build.0 = Debug|Any CPU
		{68558F9D-0B2E-4730-BEBE-5483E4AAF2A6}.Debug|Any CPU.Deploy.0 = Debug|Any CPU
		{68558F9D-0B2E-4730-BEBE-5483E4AAF2A6}.Debug|iPhone.ActiveCfg = Debug|Any CPU
		{68558F9D-0B2E-4730-BEBE-5483E4AAF2A6}.Debug|iPhone.Build.0 = Debug|Any CPU
		{68558F9D-0B2E-4730-BEBE-5483E4AAF2A6}.Debug|iPhone.Deploy.0 = Debug|Any CPU
		{68558F9D-0B2E-4730-BEBE-5483E4AAF2A6}.Debug|iPhoneSimulator.ActiveCfg = Debug|Any CPU
		{68558F9D-0B2E-4730-BEBE-5483E4AAF2A6}.Debug|iPhoneSimulator.Build.0 = Debug|Any CPU
		{68558F9D-0B2E-4730-BEBE-5483E4AAF2A6}.Debug|iPhoneSimulator.Deploy.0 = Debug|Any CPU
		{68558F9D-0B2E-4730-BEBE-5483E4AAF2A6}.Release|Any CPU.ActiveCfg = Release|Any CPU
		{68558F9D-0B2E-4730-BEBE-5483E4AAF2A6}.Release|Any CPU.Build.0 = Release|Any CPU
		{68558F9D-0B2E-4730-BEBE-5483E4AAF2A6}.Release|Any CPU.Deploy.0 = Release|Any CPU
		{68558F9D-0B2E-4730-BEBE-5483E4AAF2A6}.Release|iPhone.ActiveCfg = Release|Any CPU
		{68558F9D-0B2E-4730-BEBE-5483E4AAF2A6}.Release|iPhone.Build.0 = Release|Any CPU
		{68558F9D-0B2E-4730-BEBE-5483E4AAF2A6}.Release|iPhone.Deploy.0 = Release|Any CPU
		{68558F9D-0B2E-4730-BEBE-5483E4AAF2A6}.Release|iPhoneSimulator.ActiveCfg = Release|Any CPU
		{68558F9D-0B2E-4730-BEBE-5483E4AAF2A6}.Release|iPhoneSimulator.Build.0 = Release|Any CPU
		{68558F9D-0B2E-4730-BEBE-5483E4AAF2A6}.Release|iPhoneSimulator.Deploy.0 = Release|Any CPU
		{C1DA75C7-4AFC-4626-B746-54F68B25F9E7}.Ad-Hoc|Any CPU.ActiveCfg = Ad-Hoc|iPhone
		{C1DA75C7-4AFC-4626-B746-54F68B25F9E7}.Ad-Hoc|iPhone.ActiveCfg = Ad-Hoc|iPhone
		{C1DA75C7-4AFC-4626-B746-54F68B25F9E7}.Ad-Hoc|iPhone.Build.0 = Ad-Hoc|iPhone
		{C1DA75C7-4AFC-4626-B746-54F68B25F9E7}.Ad-Hoc|iPhoneSimulator.ActiveCfg = Ad-Hoc|iPhoneSimulator
		{C1DA75C7-4AFC-4626-B746-54F68B25F9E7}.Ad-Hoc|iPhoneSimulator.Build.0 = Ad-Hoc|iPhoneSimulator
		{C1DA75C7-4AFC-4626-B746-54F68B25F9E7}.AppStore|Any CPU.ActiveCfg = AppStore|iPhone
		{C1DA75C7-4AFC-4626-B746-54F68B25F9E7}.AppStore|iPhone.ActiveCfg = AppStore|iPhone
		{C1DA75C7-4AFC-4626-B746-54F68B25F9E7}.AppStore|iPhone.Build.0 = AppStore|iPhone
		{C1DA75C7-4AFC-4626-B746-54F68B25F9E7}.AppStore|iPhoneSimulator.ActiveCfg = AppStore|iPhoneSimulator
		{C1DA75C7-4AFC-4626-B746-54F68B25F9E7}.AppStore|iPhoneSimulator.Build.0 = AppStore|iPhoneSimulator
		{C1DA75C7-4AFC-4626-B746-54F68B25F9E7}.Debug|Any CPU.ActiveCfg = Debug|iPhone
		{C1DA75C7-4AFC-4626-B746-54F68B25F9E7}.Debug|iPhone.ActiveCfg = Debug|iPhone
		{C1DA75C7-4AFC-4626-B746-54F68B25F9E7}.Debug|iPhone.Build.0 = Debug|iPhone
		{C1DA75C7-4AFC-4626-B746-54F68B25F9E7}.Debug|iPhoneSimulator.ActiveCfg = Debug|iPhoneSimulator
		{C1DA75C7-4AFC-4626-B746-54F68B25F9E7}.Debug|iPhoneSimulator.Build.0 = Debug|iPhoneSimulator
		{C1DA75C7-4AFC-4626-B746-54F68B25F9E7}.Release|Any CPU.ActiveCfg = Release|iPhone
		{C1DA75C7-4AFC-4626-B746-54F68B25F9E7}.Release|iPhone.ActiveCfg = Release|iPhone
		{C1DA75C7-4AFC-4626-B746-54F68B25F9E7}.Release|iPhone.Build.0 = Release|iPhone
		{C1DA75C7-4AFC-4626-B746-54F68B25F9E7}.Release|iPhoneSimulator.ActiveCfg = Release|iPhoneSimulator
		{C1DA75C7-4AFC-4626-B746-54F68B25F9E7}.Release|iPhoneSimulator.Build.0 = Release|iPhoneSimulator
		{58CD1FEE-FD86-4394-8139-FE870DC42BB1}.Ad-Hoc|Any CPU.ActiveCfg = Debug|Any CPU
		{58CD1FEE-FD86-4394-8139-FE870DC42BB1}.Ad-Hoc|Any CPU.Build.0 = Debug|Any CPU
		{58CD1FEE-FD86-4394-8139-FE870DC42BB1}.Ad-Hoc|iPhone.ActiveCfg = Debug|Any CPU
		{58CD1FEE-FD86-4394-8139-FE870DC42BB1}.Ad-Hoc|iPhone.Build.0 = Debug|Any CPU
		{58CD1FEE-FD86-4394-8139-FE870DC42BB1}.Ad-Hoc|iPhoneSimulator.ActiveCfg = Debug|Any CPU
		{58CD1FEE-FD86-4394-8139-FE870DC42BB1}.Ad-Hoc|iPhoneSimulator.Build.0 = Debug|Any CPU
		{58CD1FEE-FD86-4394-8139-FE870DC42BB1}.AppStore|Any CPU.ActiveCfg = Debug|Any CPU
		{58CD1FEE-FD86-4394-8139-FE870DC42BB1}.AppStore|Any CPU.Build.0 = Debug|Any CPU
		{58CD1FEE-FD86-4394-8139-FE870DC42BB1}.AppStore|iPhone.ActiveCfg = Debug|Any CPU
		{58CD1FEE-FD86-4394-8139-FE870DC42BB1}.AppStore|iPhone.Build.0 = Debug|Any CPU
		{58CD1FEE-FD86-4394-8139-FE870DC42BB1}.AppStore|iPhoneSimulator.ActiveCfg = Debug|Any CPU
		{58CD1FEE-FD86-4394-8139-FE870DC42BB1}.AppStore|iPhoneSimulator.Build.0 = Debug|Any CPU
		{58CD1FEE-FD86-4394-8139-FE870DC42BB1}.Debug|Any CPU.ActiveCfg = Debug|Any CPU
		{58CD1FEE-FD86-4394-8139-FE870DC42BB1}.Debug|Any CPU.Build.0 = Debug|Any CPU
		{58CD1FEE-FD86-4394-8139-FE870DC42BB1}.Debug|iPhone.ActiveCfg = Debug|Any CPU
		{58CD1FEE-FD86-4394-8139-FE870DC42BB1}.Debug|iPhone.Build.0 = Debug|Any CPU
		{58CD1FEE-FD86-4394-8139-FE870DC42BB1}.Debug|iPhoneSimulator.ActiveCfg = Debug|Any CPU
		{58CD1FEE-FD86-4394-8139-FE870DC42BB1}.Debug|iPhoneSimulator.Build.0 = Debug|Any CPU
		{58CD1FEE-FD86-4394-8139-FE870DC42BB1}.Release|Any CPU.ActiveCfg = Release|Any CPU
		{58CD1FEE-FD86-4394-8139-FE870DC42BB1}.Release|Any CPU.Build.0 = Release|Any CPU
		{58CD1FEE-FD86-4394-8139-FE870DC42BB1}.Release|iPhone.ActiveCfg = Release|Any CPU
		{58CD1FEE-FD86-4394-8139-FE870DC42BB1}.Release|iPhone.Build.0 = Release|Any CPU
		{58CD1FEE-FD86-4394-8139-FE870DC42BB1}.Release|iPhoneSimulator.ActiveCfg = Release|Any CPU
		{58CD1FEE-FD86-4394-8139-FE870DC42BB1}.Release|iPhoneSimulator.Build.0 = Release|Any CPU
		{8E3FD98D-5839-4455-90E8-6AC886B172DC}.Ad-Hoc|Any CPU.ActiveCfg = Debug|Any CPU
		{8E3FD98D-5839-4455-90E8-6AC886B172DC}.Ad-Hoc|Any CPU.Build.0 = Debug|Any CPU
		{8E3FD98D-5839-4455-90E8-6AC886B172DC}.Ad-Hoc|iPhone.ActiveCfg = Debug|Any CPU
		{8E3FD98D-5839-4455-90E8-6AC886B172DC}.Ad-Hoc|iPhone.Build.0 = Debug|Any CPU
		{8E3FD98D-5839-4455-90E8-6AC886B172DC}.Ad-Hoc|iPhoneSimulator.ActiveCfg = Debug|Any CPU
		{8E3FD98D-5839-4455-90E8-6AC886B172DC}.Ad-Hoc|iPhoneSimulator.Build.0 = Debug|Any CPU
		{8E3FD98D-5839-4455-90E8-6AC886B172DC}.AppStore|Any CPU.ActiveCfg = Debug|Any CPU
		{8E3FD98D-5839-4455-90E8-6AC886B172DC}.AppStore|Any CPU.Build.0 = Debug|Any CPU
		{8E3FD98D-5839-4455-90E8-6AC886B172DC}.AppStore|iPhone.ActiveCfg = Debug|Any CPU
		{8E3FD98D-5839-4455-90E8-6AC886B172DC}.AppStore|iPhone.Build.0 = Debug|Any CPU
		{8E3FD98D-5839-4455-90E8-6AC886B172DC}.AppStore|iPhoneSimulator.ActiveCfg = Debug|Any CPU
		{8E3FD98D-5839-4455-90E8-6AC886B172DC}.AppStore|iPhoneSimulator.Build.0 = Debug|Any CPU
		{8E3FD98D-5839-4455-90E8-6AC886B172DC}.Debug|Any CPU.ActiveCfg = Debug|Any CPU
		{8E3FD98D-5839-4455-90E8-6AC886B172DC}.Debug|Any CPU.Build.0 = Debug|Any CPU
		{8E3FD98D-5839-4455-90E8-6AC886B172DC}.Debug|iPhone.ActiveCfg = Debug|Any CPU
		{8E3FD98D-5839-4455-90E8-6AC886B172DC}.Debug|iPhone.Build.0 = Debug|Any CPU
		{8E3FD98D-5839-4455-90E8-6AC886B172DC}.Debug|iPhoneSimulator.ActiveCfg = Debug|Any CPU
		{8E3FD98D-5839-4455-90E8-6AC886B172DC}.Debug|iPhoneSimulator.Build.0 = Debug|Any CPU
		{8E3FD98D-5839-4455-90E8-6AC886B172DC}.Release|Any CPU.ActiveCfg = Release|Any CPU
		{8E3FD98D-5839-4455-90E8-6AC886B172DC}.Release|Any CPU.Build.0 = Release|Any CPU
		{8E3FD98D-5839-4455-90E8-6AC886B172DC}.Release|iPhone.ActiveCfg = Release|Any CPU
		{8E3FD98D-5839-4455-90E8-6AC886B172DC}.Release|iPhone.Build.0 = Release|Any CPU
		{8E3FD98D-5839-4455-90E8-6AC886B172DC}.Release|iPhoneSimulator.ActiveCfg = Release|Any CPU
		{8E3FD98D-5839-4455-90E8-6AC886B172DC}.Release|iPhoneSimulator.Build.0 = Release|Any CPU
		{D984B929-2730-48E1-A488-D2F599AB665A}.Ad-Hoc|Any CPU.ActiveCfg = Release|Any CPU
		{D984B929-2730-48E1-A488-D2F599AB665A}.Ad-Hoc|Any CPU.Build.0 = Release|Any CPU
		{D984B929-2730-48E1-A488-D2F599AB665A}.Ad-Hoc|Any CPU.Deploy.0 = Release|Any CPU
		{D984B929-2730-48E1-A488-D2F599AB665A}.Ad-Hoc|iPhone.ActiveCfg = Release|Any CPU
		{D984B929-2730-48E1-A488-D2F599AB665A}.Ad-Hoc|iPhone.Build.0 = Release|Any CPU
		{D984B929-2730-48E1-A488-D2F599AB665A}.Ad-Hoc|iPhone.Deploy.0 = Release|Any CPU
		{D984B929-2730-48E1-A488-D2F599AB665A}.Ad-Hoc|iPhoneSimulator.ActiveCfg = Release|Any CPU
		{D984B929-2730-48E1-A488-D2F599AB665A}.Ad-Hoc|iPhoneSimulator.Build.0 = Release|Any CPU
		{D984B929-2730-48E1-A488-D2F599AB665A}.Ad-Hoc|iPhoneSimulator.Deploy.0 = Release|Any CPU
		{D984B929-2730-48E1-A488-D2F599AB665A}.AppStore|Any CPU.ActiveCfg = Release|Any CPU
		{D984B929-2730-48E1-A488-D2F599AB665A}.AppStore|Any CPU.Build.0 = Release|Any CPU
		{D984B929-2730-48E1-A488-D2F599AB665A}.AppStore|Any CPU.Deploy.0 = Release|Any CPU
		{D984B929-2730-48E1-A488-D2F599AB665A}.AppStore|iPhone.ActiveCfg = Release|Any CPU
		{D984B929-2730-48E1-A488-D2F599AB665A}.AppStore|iPhone.Build.0 = Release|Any CPU
		{D984B929-2730-48E1-A488-D2F599AB665A}.AppStore|iPhone.Deploy.0 = Release|Any CPU
		{D984B929-2730-48E1-A488-D2F599AB665A}.AppStore|iPhoneSimulator.ActiveCfg = Release|Any CPU
		{D984B929-2730-48E1-A488-D2F599AB665A}.AppStore|iPhoneSimulator.Build.0 = Release|Any CPU
		{D984B929-2730-48E1-A488-D2F599AB665A}.AppStore|iPhoneSimulator.Deploy.0 = Release|Any CPU
		{D984B929-2730-48E1-A488-D2F599AB665A}.Debug|Any CPU.ActiveCfg = Debug|Any CPU
		{D984B929-2730-48E1-A488-D2F599AB665A}.Debug|Any CPU.Build.0 = Debug|Any CPU
		{D984B929-2730-48E1-A488-D2F599AB665A}.Debug|Any CPU.Deploy.0 = Debug|Any CPU
		{D984B929-2730-48E1-A488-D2F599AB665A}.Debug|iPhone.ActiveCfg = Debug|Any CPU
		{D984B929-2730-48E1-A488-D2F599AB665A}.Debug|iPhone.Build.0 = Debug|Any CPU
		{D984B929-2730-48E1-A488-D2F599AB665A}.Debug|iPhone.Deploy.0 = Debug|Any CPU
		{D984B929-2730-48E1-A488-D2F599AB665A}.Debug|iPhoneSimulator.ActiveCfg = Debug|Any CPU
		{D984B929-2730-48E1-A488-D2F599AB665A}.Debug|iPhoneSimulator.Build.0 = Debug|Any CPU
		{D984B929-2730-48E1-A488-D2F599AB665A}.Debug|iPhoneSimulator.Deploy.0 = Debug|Any CPU
		{D984B929-2730-48E1-A488-D2F599AB665A}.Release|Any CPU.ActiveCfg = Release|Any CPU
		{D984B929-2730-48E1-A488-D2F599AB665A}.Release|Any CPU.Build.0 = Release|Any CPU
		{D984B929-2730-48E1-A488-D2F599AB665A}.Release|Any CPU.Deploy.0 = Release|Any CPU
		{D984B929-2730-48E1-A488-D2F599AB665A}.Release|iPhone.ActiveCfg = Release|Any CPU
		{D984B929-2730-48E1-A488-D2F599AB665A}.Release|iPhone.Build.0 = Release|Any CPU
		{D984B929-2730-48E1-A488-D2F599AB665A}.Release|iPhone.Deploy.0 = Release|Any CPU
		{D984B929-2730-48E1-A488-D2F599AB665A}.Release|iPhoneSimulator.ActiveCfg = Release|Any CPU
		{D984B929-2730-48E1-A488-D2F599AB665A}.Release|iPhoneSimulator.Build.0 = Release|Any CPU
		{D984B929-2730-48E1-A488-D2F599AB665A}.Release|iPhoneSimulator.Deploy.0 = Release|Any CPU
		{80A96B52-6758-4BDB-B0B4-CEA4CA155C60}.Ad-Hoc|Any CPU.ActiveCfg = Release|iPhone
		{80A96B52-6758-4BDB-B0B4-CEA4CA155C60}.Ad-Hoc|Any CPU.Build.0 = Release|iPhone
		{80A96B52-6758-4BDB-B0B4-CEA4CA155C60}.Ad-Hoc|iPhone.ActiveCfg = Release|iPhone
		{80A96B52-6758-4BDB-B0B4-CEA4CA155C60}.Ad-Hoc|iPhone.Build.0 = Release|iPhone
		{80A96B52-6758-4BDB-B0B4-CEA4CA155C60}.Ad-Hoc|iPhoneSimulator.ActiveCfg = Release|iPhoneSimulator
		{80A96B52-6758-4BDB-B0B4-CEA4CA155C60}.Ad-Hoc|iPhoneSimulator.Build.0 = Release|iPhoneSimulator
		{80A96B52-6758-4BDB-B0B4-CEA4CA155C60}.AppStore|Any CPU.ActiveCfg = Release|iPhone
		{80A96B52-6758-4BDB-B0B4-CEA4CA155C60}.AppStore|Any CPU.Build.0 = Release|iPhone
		{80A96B52-6758-4BDB-B0B4-CEA4CA155C60}.AppStore|iPhone.ActiveCfg = Release|iPhone
		{80A96B52-6758-4BDB-B0B4-CEA4CA155C60}.AppStore|iPhone.Build.0 = Release|iPhone
		{80A96B52-6758-4BDB-B0B4-CEA4CA155C60}.AppStore|iPhoneSimulator.ActiveCfg = Release|iPhoneSimulator
		{80A96B52-6758-4BDB-B0B4-CEA4CA155C60}.AppStore|iPhoneSimulator.Build.0 = Release|iPhoneSimulator
		{80A96B52-6758-4BDB-B0B4-CEA4CA155C60}.Debug|Any CPU.ActiveCfg = Debug|iPhone
		{80A96B52-6758-4BDB-B0B4-CEA4CA155C60}.Debug|iPhone.ActiveCfg = Debug|iPhone
		{80A96B52-6758-4BDB-B0B4-CEA4CA155C60}.Debug|iPhone.Build.0 = Debug|iPhone
		{80A96B52-6758-4BDB-B0B4-CEA4CA155C60}.Debug|iPhoneSimulator.ActiveCfg = Debug|iPhoneSimulator
		{80A96B52-6758-4BDB-B0B4-CEA4CA155C60}.Debug|iPhoneSimulator.Build.0 = Debug|iPhoneSimulator
		{80A96B52-6758-4BDB-B0B4-CEA4CA155C60}.Release|Any CPU.ActiveCfg = Release|iPhone
		{80A96B52-6758-4BDB-B0B4-CEA4CA155C60}.Release|iPhone.ActiveCfg = Release|iPhone
		{80A96B52-6758-4BDB-B0B4-CEA4CA155C60}.Release|iPhone.Build.0 = Release|iPhone
		{80A96B52-6758-4BDB-B0B4-CEA4CA155C60}.Release|iPhoneSimulator.ActiveCfg = Release|iPhoneSimulator
		{80A96B52-6758-4BDB-B0B4-CEA4CA155C60}.Release|iPhoneSimulator.Build.0 = Release|iPhoneSimulator
	EndGlobalSection
	GlobalSection(SolutionProperties) = preSolution
		HideSolutionNode = FALSE
	EndGlobalSection
	GlobalSection(NestedProjects) = preSolution
		{C9121980-8EBD-4E08-9DDB-6CE01E0F0A05} = {AB234B5B-C88C-4CEC-8CE8-67E6984AACBE}
		{454ECDDA-6980-4EC9-AEEF-661B17B45575} = {C3F63FD0-29D9-4432-8F3A-8BC22085AB1B}
		{2084AB63-B9EE-49EA-BA1E-10EBE016A03B} = {C3F63FD0-29D9-4432-8F3A-8BC22085AB1B}
		{68558F9D-0B2E-4730-BEBE-5483E4AAF2A6} = {454ECDDA-6980-4EC9-AEEF-661B17B45575}
		{C1DA75C7-4AFC-4626-B746-54F68B25F9E7} = {454ECDDA-6980-4EC9-AEEF-661B17B45575}
		{58CD1FEE-FD86-4394-8139-FE870DC42BB1} = {454ECDDA-6980-4EC9-AEEF-661B17B45575}
		{8E3FD98D-5839-4455-90E8-6AC886B172DC} = {2084AB63-B9EE-49EA-BA1E-10EBE016A03B}
		{D984B929-2730-48E1-A488-D2F599AB665A} = {2084AB63-B9EE-49EA-BA1E-10EBE016A03B}
		{80A96B52-6758-4BDB-B0B4-CEA4CA155C60} = {2084AB63-B9EE-49EA-BA1E-10EBE016A03B}
	EndGlobalSection
	GlobalSection(ExtensibilityGlobals) = postSolution
		SolutionGuid = {B29CE3E6-F91C-4DA2-81BD-EDAB5D1D958F}
	EndGlobalSection
EndGlobal
